
Microsoft Visual Studio Solution File, Format Version 12.00
# Visual Studio Version 17
VisualStudioVersion = 17.6.33815.320
MinimumVisualStudioVersion = 10.0.40219.1
Project("{FAE04EC0-301F-11D3-BF4B-00C04F79EFBC}") = "WpfSokobanGame", "WpfSokobanGame\WpfSokobanGame.csproj", "{CBE1B375-0843-4859-A6F3-964957AC2F7F}"
EndProject
Global
	GlobalSection(SolutionConfigurationPlatforms) = preSolution
		Debug|Any CPU = Debug|Any CPU
		Release|Any CPU = Release|Any CPU
	EndGlobalSection
	GlobalSection(ProjectConfigurationPlatforms) = postSolution
		{CBE1B375-0843-4859-A6F3-964957AC2F7F}.Debug|Any CPU.ActiveCfg = Debug|Any CPU
		{CBE1B375-0843-4859-A6F3-964957AC2F7F}.Debug|Any CPU.Build.0 = Debug|Any CPU
		{CBE1B375-0843-4859-A6F3-964957AC2F7F}.Release|Any CPU.ActiveCfg = Release|Any CPU
		{CBE1B375-0843-4859-A6F3-964957AC2F7F}.Release|Any CPU.Build.0 = Release|Any CPU
	EndGlobalSection
	GlobalSection(SolutionProperties) = preSolution
		HideSolutionNode = FALSE
	EndGlobalSection
	GlobalSection(ExtensibilityGlobals) = postSolution
		SolutionGuid = {AAE306A9-8E84-4FDD-A57E-09310AA1AB5D}
	EndGlobalSection
EndGlobal
